// !$*UTF8*$!
{
	archiveVersion = 1;
	classes = {
	};
	objectVersion = 50;
	objects = {

/* Begin PBXBuildFile section */
		2E17CFFB2279529C00AF2FBC /* AccountInfoViewController.swift in Sources */ = {isa = PBXBuildFile; fileRef = 2E17CFFA2279529C00AF2FBC /* AccountInfoViewController.swift */; };
		2E17CFFD227A207A00AF2FBC /* PDMProfile.swift in Sources */ = {isa = PBXBuildFile; fileRef = 2E17CFFC227A207A00AF2FBC /* PDMProfile.swift */; };
		2E17D000227B6DE900AF2FBC /* HomeViewController.swift in Sources */ = {isa = PBXBuildFile; fileRef = 2E17CFFF227B6DE900AF2FBC /* HomeViewController.swift */; };
		2E234296224291C300045E3A /* AppDelegate.swift in Sources */ = {isa = PBXBuildFile; fileRef = 2E234295224291C300045E3A /* AppDelegate.swift */; };
		2E234298224291C300045E3A /* LoginViewController.swift in Sources */ = {isa = PBXBuildFile; fileRef = 2E234297224291C300045E3A /* LoginViewController.swift */; };
		2E23429E224291C300045E3A /* myPHR.xcdatamodeld in Sources */ = {isa = PBXBuildFile; fileRef = 2E23429C224291C300045E3A /* myPHR.xcdatamodeld */; };
		2E2342A0224291C500045E3A /* Assets.xcassets in Resources */ = {isa = PBXBuildFile; fileRef = 2E23429F224291C500045E3A /* Assets.xcassets */; };
		2E2342AE224291C500045E3A /* myPHRTests.swift in Sources */ = {isa = PBXBuildFile; fileRef = 2E2342AD224291C500045E3A /* myPHRTests.swift */; };
		2E2342B9224291C500045E3A /* myPHRUITests.swift in Sources */ = {isa = PBXBuildFile; fileRef = 2E2342B8224291C500045E3A /* myPHRUITests.swift */; };
		2E2342C7224292DC00045E3A /* PatientDataManager.swift in Sources */ = {isa = PBXBuildFile; fileRef = 2E2342C6224292DC00045E3A /* PatientDataManager.swift */; };
		2E2342CB2242931600045E3A /* HealthKit.framework in Frameworks */ = {isa = PBXBuildFile; fileRef = 2E2342CA2242931600045E3A /* HealthKit.framework */; };
		2E2342D12242937700045E3A /* InitializePDMViewController.swift in Sources */ = {isa = PBXBuildFile; fileRef = 2E2342D02242937700045E3A /* InitializePDMViewController.swift */; };
		2E395EC7226783B600A9A7D6 /* PDMTheme.swift in Sources */ = {isa = PBXBuildFile; fileRef = 2E395EC5226783B600A9A7D6 /* PDMTheme.swift */; };
		2E395EC8226783B600A9A7D6 /* PDMButton.swift in Sources */ = {isa = PBXBuildFile; fileRef = 2E395EC6226783B600A9A7D6 /* PDMButton.swift */; };
		2E3C3349229892DD0013A712 /* PDMMiniBrowserViewController.swift in Sources */ = {isa = PBXBuildFile; fileRef = 2E3C3348229892DD0013A712 /* PDMMiniBrowserViewController.swift */; };
		2E40233022B7DE4500E525C7 /* PDMBorderedView.swift in Sources */ = {isa = PBXBuildFile; fileRef = 2E40232F22B7DE4400E525C7 /* PDMBorderedView.swift */; };
		2E465FBA233A94CD00087B1E /* PDMBadge.swift in Sources */ = {isa = PBXBuildFile; fileRef = 2E465FB9233A94CD00087B1E /* PDMBadge.swift */; };
		2E4910312398021B00A5AB8E /* Karla-Italic.ttf in Resources */ = {isa = PBXBuildFile; fileRef = 2E49102D2398021B00A5AB8E /* Karla-Italic.ttf */; };
		2E4910322398021B00A5AB8E /* Karla-BoldItalic.ttf in Resources */ = {isa = PBXBuildFile; fileRef = 2E49102E2398021B00A5AB8E /* Karla-BoldItalic.ttf */; };
		2E4910332398021B00A5AB8E /* Karla-Bold.ttf in Resources */ = {isa = PBXBuildFile; fileRef = 2E49102F2398021B00A5AB8E /* Karla-Bold.ttf */; };
		2E4910342398021B00A5AB8E /* Karla-Regular.ttf in Resources */ = {isa = PBXBuildFile; fileRef = 2E4910302398021B00A5AB8E /* Karla-Regular.ttf */; };
		2E4A2AB62326C26F0019C6A8 /* PDMUserTests.swift in Sources */ = {isa = PBXBuildFile; fileRef = 2E4A2AB52326C26F0019C6A8 /* PDMUserTests.swift */; };
		2E4A2AB82326CC6C0019C6A8 /* CreateAccountTests.swift in Sources */ = {isa = PBXBuildFile; fileRef = 2E4A2AB72326CC6C0019C6A8 /* CreateAccountTests.swift */; };
		2E5088F22267B6DA009FF808 /* WelcomeViewController.swift in Sources */ = {isa = PBXBuildFile; fileRef = 2E5088F12267B6DA009FF808 /* WelcomeViewController.swift */; };
		2E5088F6226908BD009FF808 /* PDMCheckbox.swift in Sources */ = {isa = PBXBuildFile; fileRef = 2E5088F5226908BD009FF808 /* PDMCheckbox.swift */; };
		2E5A87BB2244C06000E225D5 /* MessageBundle.swift in Sources */ = {isa = PBXBuildFile; fileRef = 2E5A87BA2244C06000E225D5 /* MessageBundle.swift */; };
		2E5A87BD2245188B00E225D5 /* Settings.plist in Resources */ = {isa = PBXBuildFile; fileRef = 2E5A87BC2245188B00E225D5 /* Settings.plist */; };
		2E6DC42F22A04D6C000D8DE4 /* Main.storyboard in Resources */ = {isa = PBXBuildFile; fileRef = 2E6DC42722A04D6C000D8DE4 /* Main.storyboard */; };
		2E6DC43122A04D6C000D8DE4 /* LaunchScreen.storyboard in Resources */ = {isa = PBXBuildFile; fileRef = 2E6DC42B22A04D6C000D8DE4 /* LaunchScreen.storyboard */; };
		2E7FADFA229DA3D600A766C6 /* TableViewExtensions.swift in Sources */ = {isa = PBXBuildFile; fileRef = 2E7FADF9229DA3D600A766C6 /* TableViewExtensions.swift */; };
		2E7FADFC229EF13000A766C6 /* PDMProviderCollection.swift in Sources */ = {isa = PBXBuildFile; fileRef = 2E7FADFB229EF13000A766C6 /* PDMProviderCollection.swift */; };
		2E7FADFE229EFF6000A766C6 /* PDMProfileSourceDataController.swift in Sources */ = {isa = PBXBuildFile; fileRef = 2E7FADFD229EFF6000A766C6 /* PDMProfileSourceDataController.swift */; };
		2E8468B9228BCF9E00C8ECB6 /* WebKit.framework in Frameworks */ = {isa = PBXBuildFile; fileRef = 2E8468B8228BCF9E00C8ECB6 /* WebKit.framework */; };
		2EA93702226E406400513F9D /* HTTPExtensions.swift in Sources */ = {isa = PBXBuildFile; fileRef = 2EA93701226E406400513F9D /* HTTPExtensions.swift */; };
		2EA93704226F60E100513F9D /* HTTPExtensionsTests.swift in Sources */ = {isa = PBXBuildFile; fileRef = 2EA93703226F60E100513F9D /* HTTPExtensionsTests.swift */; };
		2EA937062277580700513F9D /* PDMUser.swift in Sources */ = {isa = PBXBuildFile; fileRef = 2EA937052277580700513F9D /* PDMUser.swift */; };
		2EA937082277775C00513F9D /* CreateAccountViewController.swift in Sources */ = {isa = PBXBuildFile; fileRef = 2EA937072277775C00513F9D /* CreateAccountViewController.swift */; };
		2EA9370A22778BA700513F9D /* TextFieldExtensions.swift in Sources */ = {isa = PBXBuildFile; fileRef = 2EA9370922778BA700513F9D /* TextFieldExtensions.swift */; };
		2EA9370C2277949000513F9D /* PDMViewController.swift in Sources */ = {isa = PBXBuildFile; fileRef = 2EA9370B2277949000513F9D /* PDMViewController.swift */; };
		2EA9370E2278914000513F9D /* PDMHealthKit.swift in Sources */ = {isa = PBXBuildFile; fileRef = 2EA9370D2278914000513F9D /* PDMHealthKit.swift */; };
		2EA937102278AC6700513F9D /* PatientDataManagerTests.swift in Sources */ = {isa = PBXBuildFile; fileRef = 2EA9370F2278AC6700513F9D /* PatientDataManagerTests.swift */; };
		2EBF772D229321CC00170091 /* PDMProvider.swift in Sources */ = {isa = PBXBuildFile; fileRef = 2EBF772C229321CC00170091 /* PDMProvider.swift */; };
		2EBF7731229496CB00170091 /* PDMTimeLine.swift in Sources */ = {isa = PBXBuildFile; fileRef = 2EBF7730229496CB00170091 /* PDMTimeLine.swift */; };
		2EC27F2B22B2C07500E0DFD2 /* AccountMenuInfoTableViewController.swift in Sources */ = {isa = PBXBuildFile; fileRef = 2EC27F2A22B2C07500E0DFD2 /* AccountMenuInfoTableViewController.swift */; };
		2EC82C9C235F767C00DBC061 /* SummaryViewController.swift in Sources */ = {isa = PBXBuildFile; fileRef = 2EC82C9B235F767C00DBC061 /* SummaryViewController.swift */; };
		2EC82C9E235F768D00DBC061 /* CategorySummaryTableViewController.swift in Sources */ = {isa = PBXBuildFile; fileRef = 2EC82C9D235F768D00DBC061 /* CategorySummaryTableViewController.swift */; };
		2EC82CA0235F76CC00DBC061 /* PDMUploadResults.swift in Sources */ = {isa = PBXBuildFile; fileRef = 2EC82C9F235F76CC00DBC061 /* PDMUploadResults.swift */; };
		2ED1969E2295DCCA001821A8 /* PatientDataManagerKeychain.swift in Sources */ = {isa = PBXBuildFile; fileRef = 2ED1969D2295DCCA001821A8 /* PatientDataManagerKeychain.swift */; };
		2ED98952227CAC8D0034B4B6 /* RESTClient.swift in Sources */ = {isa = PBXBuildFile; fileRef = 2ED98951227CAC8D0034B4B6 /* RESTClient.swift */; };
		2ED98954227CEAF70034B4B6 /* PDMProfileTests.swift in Sources */ = {isa = PBXBuildFile; fileRef = 2ED98953227CEAF70034B4B6 /* PDMProfileTests.swift */; };
		2ED989562280ACB20034B4B6 /* RESTClientTests.swift in Sources */ = {isa = PBXBuildFile; fileRef = 2ED989552280ACB20034B4B6 /* RESTClientTests.swift */; };
		2EFCD55E230EF0AB00932D5F /* Units.strings in Resources */ = {isa = PBXBuildFile; fileRef = 2EFCD55C230EF0AB00932D5F /* Units.strings */; };
/* End PBXBuildFile section */

/* Begin PBXContainerItemProxy section */
		2E2342AA224291C500045E3A /* PBXContainerItemProxy */ = {
			isa = PBXContainerItemProxy;
			containerPortal = 2E23428A224291C300045E3A /* Project object */;
			proxyType = 1;
			remoteGlobalIDString = 2E234291224291C300045E3A;
			remoteInfo = myPHR;
		};
		2E2342B5224291C500045E3A /* PBXContainerItemProxy */ = {
			isa = PBXContainerItemProxy;
			containerPortal = 2E23428A224291C300045E3A /* Project object */;
			proxyType = 1;
			remoteGlobalIDString = 2E234291224291C300045E3A;
			remoteInfo = myPHR;
		};
/* End PBXContainerItemProxy section */

/* Begin PBXCopyFilesBuildPhase section */
		2E95F92D23317CDC00120FA1 /* Embed Frameworks */ = {
			isa = PBXCopyFilesBuildPhase;
			buildActionMask = 2147483647;
			dstPath = "";
			dstSubfolderSpec = 10;
			files = (
			);
			name = "Embed Frameworks";
			runOnlyForDeploymentPostprocessing = 0;
		};
/* End PBXCopyFilesBuildPhase section */

/* Begin PBXFileReference section */
		2E17CFFA2279529C00AF2FBC /* AccountInfoViewController.swift */ = {isa = PBXFileReference; lastKnownFileType = sourcecode.swift; path = AccountInfoViewController.swift; sourceTree = "<group>"; };
		2E17CFFC227A207A00AF2FBC /* PDMProfile.swift */ = {isa = PBXFileReference; lastKnownFileType = sourcecode.swift; path = PDMProfile.swift; sourceTree = "<group>"; };
		2E17CFFF227B6DE900AF2FBC /* HomeViewController.swift */ = {isa = PBXFileReference; lastKnownFileType = sourcecode.swift; path = HomeViewController.swift; sourceTree = "<group>"; };
		2E234292224291C300045E3A /* myPHR.app */ = {isa = PBXFileReference; explicitFileType = wrapper.application; includeInIndex = 0; path = myPHR.app; sourceTree = BUILT_PRODUCTS_DIR; };
		2E234295224291C300045E3A /* AppDelegate.swift */ = {isa = PBXFileReference; lastKnownFileType = sourcecode.swift; path = AppDelegate.swift; sourceTree = "<group>"; };
		2E234297224291C300045E3A /* LoginViewController.swift */ = {isa = PBXFileReference; lastKnownFileType = sourcecode.swift; path = LoginViewController.swift; sourceTree = "<group>"; };
		2E23429D224291C300045E3A /* myPHR.xcdatamodel */ = {isa = PBXFileReference; lastKnownFileType = wrapper.xcdatamodel; path = myPHR.xcdatamodel; sourceTree = "<group>"; };
		2E23429F224291C500045E3A /* Assets.xcassets */ = {isa = PBXFileReference; lastKnownFileType = folder.assetcatalog; path = Assets.xcassets; sourceTree = "<group>"; };
		2E2342A4224291C500045E3A /* Info.plist */ = {isa = PBXFileReference; lastKnownFileType = text.plist.xml; path = Info.plist; sourceTree = "<group>"; };
		2E2342A9224291C500045E3A /* myPHRTests.xctest */ = {isa = PBXFileReference; explicitFileType = wrapper.cfbundle; includeInIndex = 0; path = myPHRTests.xctest; sourceTree = BUILT_PRODUCTS_DIR; };
		2E2342AD224291C500045E3A /* myPHRTests.swift */ = {isa = PBXFileReference; lastKnownFileType = sourcecode.swift; path = myPHRTests.swift; sourceTree = "<group>"; };
		2E2342AF224291C500045E3A /* Info.plist */ = {isa = PBXFileReference; lastKnownFileType = text.plist.xml; path = Info.plist; sourceTree = "<group>"; };
		2E2342B4224291C500045E3A /* myPHRUITests.xctest */ = {isa = PBXFileReference; explicitFileType = wrapper.cfbundle; includeInIndex = 0; path = myPHRUITests.xctest; sourceTree = BUILT_PRODUCTS_DIR; };
		2E2342B8224291C500045E3A /* myPHRUITests.swift */ = {isa = PBXFileReference; lastKnownFileType = sourcecode.swift; path = myPHRUITests.swift; sourceTree = "<group>"; };
		2E2342BA224291C500045E3A /* Info.plist */ = {isa = PBXFileReference; lastKnownFileType = text.plist.xml; path = Info.plist; sourceTree = "<group>"; };
		2E2342C6224292DC00045E3A /* PatientDataManager.swift */ = {isa = PBXFileReference; lastKnownFileType = sourcecode.swift; path = PatientDataManager.swift; sourceTree = "<group>"; };
		2E2342C82242931600045E3A /* myPHR.entitlements */ = {isa = PBXFileReference; lastKnownFileType = text.plist.entitlements; path = myPHR.entitlements; sourceTree = "<group>"; };
		2E2342CA2242931600045E3A /* HealthKit.framework */ = {isa = PBXFileReference; lastKnownFileType = wrapper.framework; name = HealthKit.framework; path = System/Library/Frameworks/HealthKit.framework; sourceTree = SDKROOT; };
		2E2342D02242937700045E3A /* InitializePDMViewController.swift */ = {isa = PBXFileReference; fileEncoding = 4; lastKnownFileType = sourcecode.swift; path = InitializePDMViewController.swift; sourceTree = "<group>"; };
		2E395EC5226783B600A9A7D6 /* PDMTheme.swift */ = {isa = PBXFileReference; fileEncoding = 4; lastKnownFileType = sourcecode.swift; path = PDMTheme.swift; sourceTree = "<group>"; };
		2E395EC6226783B600A9A7D6 /* PDMButton.swift */ = {isa = PBXFileReference; fileEncoding = 4; lastKnownFileType = sourcecode.swift; path = PDMButton.swift; sourceTree = "<group>"; };
		2E3C3348229892DD0013A712 /* PDMMiniBrowserViewController.swift */ = {isa = PBXFileReference; lastKnownFileType = sourcecode.swift; path = PDMMiniBrowserViewController.swift; sourceTree = "<group>"; };
		2E40232F22B7DE4400E525C7 /* PDMBorderedView.swift */ = {isa = PBXFileReference; fileEncoding = 4; lastKnownFileType = sourcecode.swift; path = PDMBorderedView.swift; sourceTree = "<group>"; };
		2E465FB9233A94CD00087B1E /* PDMBadge.swift */ = {isa = PBXFileReference; lastKnownFileType = sourcecode.swift; path = PDMBadge.swift; sourceTree = "<group>"; };
		2E49102D2398021B00A5AB8E /* Karla-Italic.ttf */ = {isa = PBXFileReference; lastKnownFileType = file; path = "Karla-Italic.ttf"; sourceTree = "<group>"; };
		2E49102E2398021B00A5AB8E /* Karla-BoldItalic.ttf */ = {isa = PBXFileReference; lastKnownFileType = file; path = "Karla-BoldItalic.ttf"; sourceTree = "<group>"; };
		2E49102F2398021B00A5AB8E /* Karla-Bold.ttf */ = {isa = PBXFileReference; lastKnownFileType = file; path = "Karla-Bold.ttf"; sourceTree = "<group>"; };
		2E4910302398021B00A5AB8E /* Karla-Regular.ttf */ = {isa = PBXFileReference; lastKnownFileType = file; path = "Karla-Regular.ttf"; sourceTree = "<group>"; };
		2E4A2AB52326C26F0019C6A8 /* PDMUserTests.swift */ = {isa = PBXFileReference; lastKnownFileType = sourcecode.swift; path = PDMUserTests.swift; sourceTree = "<group>"; };
		2E4A2AB72326CC6C0019C6A8 /* CreateAccountTests.swift */ = {isa = PBXFileReference; lastKnownFileType = sourcecode.swift; path = CreateAccountTests.swift; sourceTree = "<group>"; };
		2E5088F12267B6DA009FF808 /* WelcomeViewController.swift */ = {isa = PBXFileReference; lastKnownFileType = sourcecode.swift; path = WelcomeViewController.swift; sourceTree = "<group>"; };
		2E5088F5226908BD009FF808 /* PDMCheckbox.swift */ = {isa = PBXFileReference; fileEncoding = 4; lastKnownFileType = sourcecode.swift; path = PDMCheckbox.swift; sourceTree = "<group>"; };
		2E5A87BA2244C06000E225D5 /* MessageBundle.swift */ = {isa = PBXFileReference; lastKnownFileType = sourcecode.swift; path = MessageBundle.swift; sourceTree = "<group>"; };
		2E5A87BC2245188B00E225D5 /* Settings.plist */ = {isa = PBXFileReference; lastKnownFileType = text.plist.xml; path = Settings.plist; sourceTree = "<group>"; };
		2E6DC42822A04D6C000D8DE4 /* Base */ = {isa = PBXFileReference; lastKnownFileType = file.storyboard; name = Base; path = myPHR/Base.lproj/Main.storyboard; sourceTree = SOURCE_ROOT; };
		2E6DC42C22A04D6C000D8DE4 /* Base */ = {isa = PBXFileReference; lastKnownFileType = file.storyboard; name = Base; path = myPHR/Base.lproj/LaunchScreen.storyboard; sourceTree = SOURCE_ROOT; };
		2E7FADF9229DA3D600A766C6 /* TableViewExtensions.swift */ = {isa = PBXFileReference; lastKnownFileType = sourcecode.swift; path = TableViewExtensions.swift; sourceTree = "<group>"; };
		2E7FADFB229EF13000A766C6 /* PDMProviderCollection.swift */ = {isa = PBXFileReference; lastKnownFileType = sourcecode.swift; path = PDMProviderCollection.swift; sourceTree = "<group>"; };
		2E7FADFD229EFF6000A766C6 /* PDMProfileSourceDataController.swift */ = {isa = PBXFileReference; lastKnownFileType = sourcecode.swift; path = PDMProfileSourceDataController.swift; sourceTree = "<group>"; };
		2E8468B8228BCF9E00C8ECB6 /* WebKit.framework */ = {isa = PBXFileReference; lastKnownFileType = wrapper.framework; name = WebKit.framework; path = System/Library/Frameworks/WebKit.framework; sourceTree = SDKROOT; };
		2EA93701226E406400513F9D /* HTTPExtensions.swift */ = {isa = PBXFileReference; lastKnownFileType = sourcecode.swift; path = HTTPExtensions.swift; sourceTree = "<group>"; };
		2EA93703226F60E100513F9D /* HTTPExtensionsTests.swift */ = {isa = PBXFileReference; lastKnownFileType = sourcecode.swift; path = HTTPExtensionsTests.swift; sourceTree = "<group>"; };
		2EA937052277580700513F9D /* PDMUser.swift */ = {isa = PBXFileReference; lastKnownFileType = sourcecode.swift; path = PDMUser.swift; sourceTree = "<group>"; };
		2EA937072277775C00513F9D /* CreateAccountViewController.swift */ = {isa = PBXFileReference; lastKnownFileType = sourcecode.swift; path = CreateAccountViewController.swift; sourceTree = "<group>"; };
		2EA9370922778BA700513F9D /* TextFieldExtensions.swift */ = {isa = PBXFileReference; lastKnownFileType = sourcecode.swift; path = TextFieldExtensions.swift; sourceTree = "<group>"; };
		2EA9370B2277949000513F9D /* PDMViewController.swift */ = {isa = PBXFileReference; lastKnownFileType = sourcecode.swift; path = PDMViewController.swift; sourceTree = "<group>"; };
		2EA9370D2278914000513F9D /* PDMHealthKit.swift */ = {isa = PBXFileReference; lastKnownFileType = sourcecode.swift; path = PDMHealthKit.swift; sourceTree = "<group>"; };
		2EA9370F2278AC6700513F9D /* PatientDataManagerTests.swift */ = {isa = PBXFileReference; lastKnownFileType = sourcecode.swift; name = PatientDataManagerTests.swift; path = myPHRTests/PatientDataManagerTests.swift; sourceTree = SOURCE_ROOT; };
		2EBF772C229321CC00170091 /* PDMProvider.swift */ = {isa = PBXFileReference; lastKnownFileType = sourcecode.swift; path = PDMProvider.swift; sourceTree = "<group>"; };
		2EBF7730229496CB00170091 /* PDMTimeLine.swift */ = {isa = PBXFileReference; lastKnownFileType = sourcecode.swift; path = PDMTimeLine.swift; sourceTree = "<group>"; };
		2EC27F2A22B2C07500E0DFD2 /* AccountMenuInfoTableViewController.swift */ = {isa = PBXFileReference; lastKnownFileType = sourcecode.swift; path = AccountMenuInfoTableViewController.swift; sourceTree = "<group>"; };
		2EC82C9B235F767C00DBC061 /* SummaryViewController.swift */ = {isa = PBXFileReference; lastKnownFileType = sourcecode.swift; path = SummaryViewController.swift; sourceTree = "<group>"; };
		2EC82C9D235F768D00DBC061 /* CategorySummaryTableViewController.swift */ = {isa = PBXFileReference; lastKnownFileType = sourcecode.swift; path = CategorySummaryTableViewController.swift; sourceTree = "<group>"; };
		2EC82C9F235F76CC00DBC061 /* PDMUploadResults.swift */ = {isa = PBXFileReference; lastKnownFileType = sourcecode.swift; path = PDMUploadResults.swift; sourceTree = "<group>"; };
		2ED1969D2295DCCA001821A8 /* PatientDataManagerKeychain.swift */ = {isa = PBXFileReference; lastKnownFileType = sourcecode.swift; path = PatientDataManagerKeychain.swift; sourceTree = "<group>"; };
		2ED98951227CAC8D0034B4B6 /* RESTClient.swift */ = {isa = PBXFileReference; lastKnownFileType = sourcecode.swift; path = RESTClient.swift; sourceTree = "<group>"; };
		2ED98953227CEAF70034B4B6 /* PDMProfileTests.swift */ = {isa = PBXFileReference; lastKnownFileType = sourcecode.swift; path = PDMProfileTests.swift; sourceTree = "<group>"; };
		2ED989552280ACB20034B4B6 /* RESTClientTests.swift */ = {isa = PBXFileReference; lastKnownFileType = sourcecode.swift; path = RESTClientTests.swift; sourceTree = "<group>"; };
		2EFCD55D230EF0AB00932D5F /* Base */ = {isa = PBXFileReference; lastKnownFileType = text.plist.strings; name = Base; path = Base.lproj/Units.strings; sourceTree = "<group>"; };
/* End PBXFileReference section */

/* Begin PBXFrameworksBuildPhase section */
		2E23428F224291C300045E3A /* Frameworks */ = {
			isa = PBXFrameworksBuildPhase;
			buildActionMask = 2147483647;
			files = (
				2E8468B9228BCF9E00C8ECB6 /* WebKit.framework in Frameworks */,
				2E2342CB2242931600045E3A /* HealthKit.framework in Frameworks */,
			);
			runOnlyForDeploymentPostprocessing = 0;
		};
		2E2342A6224291C500045E3A /* Frameworks */ = {
			isa = PBXFrameworksBuildPhase;
			buildActionMask = 2147483647;
			files = (
			);
			runOnlyForDeploymentPostprocessing = 0;
		};
		2E2342B1224291C500045E3A /* Frameworks */ = {
			isa = PBXFrameworksBuildPhase;
			buildActionMask = 2147483647;
			files = (
			);
			runOnlyForDeploymentPostprocessing = 0;
		};
/* End PBXFrameworksBuildPhase section */

/* Begin PBXGroup section */
		2E17CFFE227B6C9000AF2FBC /* ViewControllers */ = {
			isa = PBXGroup;
			children = (
				2E5088F12267B6DA009FF808 /* WelcomeViewController.swift */,
				2EA937072277775C00513F9D /* CreateAccountViewController.swift */,
				2E234297224291C300045E3A /* LoginViewController.swift */,
				2E17CFFA2279529C00AF2FBC /* AccountInfoViewController.swift */,
				2EC27F2A22B2C07500E0DFD2 /* AccountMenuInfoTableViewController.swift */,
				2E17CFFF227B6DE900AF2FBC /* HomeViewController.swift */,
				2E2342D02242937700045E3A /* InitializePDMViewController.swift */,
				2EC82C9B235F767C00DBC061 /* SummaryViewController.swift */,
				2EC82C9D235F768D00DBC061 /* CategorySummaryTableViewController.swift */,
			);
			path = ViewControllers;
			sourceTree = "<group>";
		};
		2E234289224291C300045E3A = {
			isa = PBXGroup;
			children = (
				2E234294224291C300045E3A /* myPHR */,
				2E2342AC224291C500045E3A /* myPHRTests */,
				2E2342B7224291C500045E3A /* myPHRUITests */,
				2E234293224291C300045E3A /* Products */,
				2E2342C92242931600045E3A /* Frameworks */,
			);
			sourceTree = "<group>";
		};
		2E234293224291C300045E3A /* Products */ = {
			isa = PBXGroup;
			children = (
				2E234292224291C300045E3A /* myPHR.app */,
				2E2342A9224291C500045E3A /* myPHRTests.xctest */,
				2E2342B4224291C500045E3A /* myPHRUITests.xctest */,
			);
			name = Products;
			sourceTree = "<group>";
		};
		2E234294224291C300045E3A /* myPHR */ = {
			isa = PBXGroup;
			children = (
				2E395EC92267882500A9A7D6 /* Backend */,
				2E2342C82242931600045E3A /* myPHR.entitlements */,
				2E234295224291C300045E3A /* AppDelegate.swift */,
				2E23429F224291C500045E3A /* Assets.xcassets */,
				2E6DC42622A04A3F000D8DE4 /* Storyboards */,
				2E17CFFE227B6C9000AF2FBC /* ViewControllers */,
				2EA937122279481F00513F9D /* UI */,
				2E49101E2396C57C00A5AB8E /* Resources */,
				2E2342A4224291C500045E3A /* Info.plist */,
				2E5A87BC2245188B00E225D5 /* Settings.plist */,
				2E23429C224291C300045E3A /* myPHR.xcdatamodeld */,
				2EFCD55C230EF0AB00932D5F /* Units.strings */,
			);
			path = myPHR;
			sourceTree = "<group>";
		};
		2E2342AC224291C500045E3A /* myPHRTests */ = {
			isa = PBXGroup;
			children = (
				2E2342AD224291C500045E3A /* myPHRTests.swift */,
				2E2342AF224291C500045E3A /* Info.plist */,
				2EA93703226F60E100513F9D /* HTTPExtensionsTests.swift */,
				2EA9370F2278AC6700513F9D /* PatientDataManagerTests.swift */,
				2E4A2AB52326C26F0019C6A8 /* PDMUserTests.swift */,
				2ED98953227CEAF70034B4B6 /* PDMProfileTests.swift */,
				2ED989552280ACB20034B4B6 /* RESTClientTests.swift */,
			);
			path = myPHRTests;
			sourceTree = "<group>";
		};
		2E2342B7224291C500045E3A /* myPHRUITests */ = {
			isa = PBXGroup;
			children = (
				2E2342B8224291C500045E3A /* myPHRUITests.swift */,
				2E4A2AB72326CC6C0019C6A8 /* CreateAccountTests.swift */,
				2E2342BA224291C500045E3A /* Info.plist */,
			);
			path = myPHRUITests;
			sourceTree = "<group>";
		};
		2E2342C92242931600045E3A /* Frameworks */ = {
			isa = PBXGroup;
			children = (
				2E8468B8228BCF9E00C8ECB6 /* WebKit.framework */,
				2E2342CA2242931600045E3A /* HealthKit.framework */,
			);
			name = Frameworks;
			sourceTree = "<group>";
		};
		2E395EC92267882500A9A7D6 /* Backend */ = {
			isa = PBXGroup;
			children = (
				2EBF772B229321B400170091 /* Models */,
				2E2342C6224292DC00045E3A /* PatientDataManager.swift */,
				2ED1969D2295DCCA001821A8 /* PatientDataManagerKeychain.swift */,
				2EA9370D2278914000513F9D /* PDMHealthKit.swift */,
				2EA93701226E406400513F9D /* HTTPExtensions.swift */,
				2ED98951227CAC8D0034B4B6 /* RESTClient.swift */,
				2E5A87BA2244C06000E225D5 /* MessageBundle.swift */,
			);
			path = Backend;
			sourceTree = "<group>";
		};
		2E49101E2396C57C00A5AB8E /* Resources */ = {
			isa = PBXGroup;
			children = (
				2E49102F2398021B00A5AB8E /* Karla-Bold.ttf */,
				2E49102E2398021B00A5AB8E /* Karla-BoldItalic.ttf */,
				2E49102D2398021B00A5AB8E /* Karla-Italic.ttf */,
				2E4910302398021B00A5AB8E /* Karla-Regular.ttf */,
			);
			path = Resources;
			sourceTree = "<group>";
		};
		2E6DC42622A04A3F000D8DE4 /* Storyboards */ = {
			isa = PBXGroup;
			children = (
				2E6DC42B22A04D6C000D8DE4 /* LaunchScreen.storyboard */,
				2E6DC42722A04D6C000D8DE4 /* Main.storyboard */,
			);
			name = Storyboards;
			path = Base.lproj;
			sourceTree = "<group>";
		};
		2EA937122279481F00513F9D /* UI */ = {
			isa = PBXGroup;
			children = (
				2E465FB9233A94CD00087B1E /* PDMBadge.swift */,
				2E395EC6226783B600A9A7D6 /* PDMButton.swift */,
				2E5088F5226908BD009FF808 /* PDMCheckbox.swift */,
				2E40232F22B7DE4400E525C7 /* PDMBorderedView.swift */,
				2E395EC5226783B600A9A7D6 /* PDMTheme.swift */,
				2EBF7730229496CB00170091 /* PDMTimeLine.swift */,
				2EA9370B2277949000513F9D /* PDMViewController.swift */,
				2E3C3348229892DD0013A712 /* PDMMiniBrowserViewController.swift */,
				2E7FADF9229DA3D600A766C6 /* TableViewExtensions.swift */,
				2EA9370922778BA700513F9D /* TextFieldExtensions.swift */,
			);
			path = UI;
			sourceTree = "<group>";
		};
		2EBF772B229321B400170091 /* Models */ = {
			isa = PBXGroup;
			children = (
				2E17CFFC227A207A00AF2FBC /* PDMProfile.swift */,
				2EA937052277580700513F9D /* PDMUser.swift */,
				2EBF772C229321CC00170091 /* PDMProvider.swift */,
				2E7FADFB229EF13000A766C6 /* PDMProviderCollection.swift */,
				2E7FADFD229EFF6000A766C6 /* PDMProfileSourceDataController.swift */,
				2EC82C9F235F76CC00DBC061 /* PDMUploadResults.swift */,
			);
			path = Models;
			sourceTree = "<group>";
		};
/* End PBXGroup section */

/* Begin PBXNativeTarget section */
		2E234291224291C300045E3A /* myPHR */ = {
			isa = PBXNativeTarget;
			buildConfigurationList = 2E2342BD224291C500045E3A /* Build configuration list for PBXNativeTarget "myPHR" */;
			buildPhases = (
				2E23428E224291C300045E3A /* Sources */,
				2E23428F224291C300045E3A /* Frameworks */,
				2E234290224291C300045E3A /* Resources */,
				2E95F92D23317CDC00120FA1 /* Embed Frameworks */,
			);
			buildRules = (
			);
			dependencies = (
			);
			name = myPHR;
			productName = myPHR;
			productReference = 2E234292224291C300045E3A /* myPHR.app */;
			productType = "com.apple.product-type.application";
		};
		2E2342A8224291C500045E3A /* myPHRTests */ = {
			isa = PBXNativeTarget;
			buildConfigurationList = 2E2342C0224291C500045E3A /* Build configuration list for PBXNativeTarget "myPHRTests" */;
			buildPhases = (
				2E2342A5224291C500045E3A /* Sources */,
				2E2342A6224291C500045E3A /* Frameworks */,
				2E2342A7224291C500045E3A /* Resources */,
			);
			buildRules = (
			);
			dependencies = (
				2E2342AB224291C500045E3A /* PBXTargetDependency */,
			);
			name = myPHRTests;
			productName = myPHRTests;
			productReference = 2E2342A9224291C500045E3A /* myPHRTests.xctest */;
			productType = "com.apple.product-type.bundle.unit-test";
		};
		2E2342B3224291C500045E3A /* myPHRUITests */ = {
			isa = PBXNativeTarget;
			buildConfigurationList = 2E2342C3224291C500045E3A /* Build configuration list for PBXNativeTarget "myPHRUITests" */;
			buildPhases = (
				2E2342B0224291C500045E3A /* Sources */,
				2E2342B1224291C500045E3A /* Frameworks */,
				2E2342B2224291C500045E3A /* Resources */,
			);
			buildRules = (
			);
			dependencies = (
				2E2342B6224291C500045E3A /* PBXTargetDependency */,
			);
			name = myPHRUITests;
			productName = myPHRUITests;
			productReference = 2E2342B4224291C500045E3A /* myPHRUITests.xctest */;
			productType = "com.apple.product-type.bundle.ui-testing";
		};
/* End PBXNativeTarget section */

/* Begin PBXProject section */
		2E23428A224291C300045E3A /* Project object */ = {
			isa = PBXProject;
			attributes = {
				LastSwiftUpdateCheck = 1030;
				LastUpgradeCheck = 1010;
				ORGANIZATIONNAME = MITRE;
				TargetAttributes = {
					2E234291224291C300045E3A = {
						CreatedOnToolsVersion = 10.1;
						LastSwiftMigration = 1020;
						SystemCapabilities = {
							com.apple.HealthKit = {
								enabled = 1;
							};
						};
					};
					2E2342A8224291C500045E3A = {
						CreatedOnToolsVersion = 10.1;
						LastSwiftMigration = 1020;
						TestTargetID = 2E234291224291C300045E3A;
					};
					2E2342B3224291C500045E3A = {
						CreatedOnToolsVersion = 10.1;
						LastSwiftMigration = 1020;
						TestTargetID = 2E234291224291C300045E3A;
					};
				};
			};
			buildConfigurationList = 2E23428D224291C300045E3A /* Build configuration list for PBXProject "myPHR" */;
			compatibilityVersion = "Xcode 9.3";
			developmentRegion = en;
			hasScannedForEncodings = 0;
			knownRegions = (
				en,
				Base,
			);
			mainGroup = 2E234289224291C300045E3A;
			productRefGroup = 2E234293224291C300045E3A /* Products */;
			projectDirPath = "";
			projectRoot = "";
			targets = (
				2E234291224291C300045E3A /* myPHR */,
				2E2342A8224291C500045E3A /* myPHRTests */,
				2E2342B3224291C500045E3A /* myPHRUITests */,
			);
		};
/* End PBXProject section */

/* Begin PBXResourcesBuildPhase section */
		2E234290224291C300045E3A /* Resources */ = {
			isa = PBXResourcesBuildPhase;
			buildActionMask = 2147483647;
			files = (
				2EFCD55E230EF0AB00932D5F /* Units.strings in Resources */,
				2E5A87BD2245188B00E225D5 /* Settings.plist in Resources */,
				2E4910312398021B00A5AB8E /* Karla-Italic.ttf in Resources */,
				2E4910332398021B00A5AB8E /* Karla-Bold.ttf in Resources */,
				2E4910322398021B00A5AB8E /* Karla-BoldItalic.ttf in Resources */,
				2E4910342398021B00A5AB8E /* Karla-Regular.ttf in Resources */,
				2E2342A0224291C500045E3A /* Assets.xcassets in Resources */,
				2E6DC43122A04D6C000D8DE4 /* LaunchScreen.storyboard in Resources */,
				2E6DC42F22A04D6C000D8DE4 /* Main.storyboard in Resources */,
			);
			runOnlyForDeploymentPostprocessing = 0;
		};
		2E2342A7224291C500045E3A /* Resources */ = {
			isa = PBXResourcesBuildPhase;
			buildActionMask = 2147483647;
			files = (
			);
			runOnlyForDeploymentPostprocessing = 0;
		};
		2E2342B2224291C500045E3A /* Resources */ = {
			isa = PBXResourcesBuildPhase;
			buildActionMask = 2147483647;
			files = (
			);
			runOnlyForDeploymentPostprocessing = 0;
		};
/* End PBXResourcesBuildPhase section */

/* Begin PBXSourcesBuildPhase section */
		2E23428E224291C300045E3A /* Sources */ = {
			isa = PBXSourcesBuildPhase;
			buildActionMask = 2147483647;
			files = (
				2E7FADFA229DA3D600A766C6 /* TableViewExtensions.swift in Sources */,
				2EA937082277775C00513F9D /* CreateAccountViewController.swift in Sources */,
				2E17CFFD227A207A00AF2FBC /* PDMProfile.swift in Sources */,
				2E395EC8226783B600A9A7D6 /* PDMButton.swift in Sources */,
				2E5088F22267B6DA009FF808 /* WelcomeViewController.swift in Sources */,
				2E17D000227B6DE900AF2FBC /* HomeViewController.swift in Sources */,
				2EA93702226E406400513F9D /* HTTPExtensions.swift in Sources */,
				2ED98952227CAC8D0034B4B6 /* RESTClient.swift in Sources */,
				2E40233022B7DE4500E525C7 /* PDMBorderedView.swift in Sources */,
				2EC82CA0235F76CC00DBC061 /* PDMUploadResults.swift in Sources */,
				2E465FBA233A94CD00087B1E /* PDMBadge.swift in Sources */,
				2E3C3349229892DD0013A712 /* PDMMiniBrowserViewController.swift in Sources */,
				2E2342D12242937700045E3A /* InitializePDMViewController.swift in Sources */,
				2E5088F6226908BD009FF808 /* PDMCheckbox.swift in Sources */,
				2EA9370C2277949000513F9D /* PDMViewController.swift in Sources */,
				2EA937062277580700513F9D /* PDMUser.swift in Sources */,
				2E23429E224291C300045E3A /* myPHR.xcdatamodeld in Sources */,
				2E7FADFE229EFF6000A766C6 /* PDMProfileSourceDataController.swift in Sources */,
				2E2342C7224292DC00045E3A /* PatientDataManager.swift in Sources */,
				2E234298224291C300045E3A /* LoginViewController.swift in Sources */,
				2E395EC7226783B600A9A7D6 /* PDMTheme.swift in Sources */,
				2ED1969E2295DCCA001821A8 /* PatientDataManagerKeychain.swift in Sources */,
				2EA9370E2278914000513F9D /* PDMHealthKit.swift in Sources */,
				2EC82C9E235F768D00DBC061 /* CategorySummaryTableViewController.swift in Sources */,
				2EC82C9C235F767C00DBC061 /* SummaryViewController.swift in Sources */,
				2EBF7731229496CB00170091 /* PDMTimeLine.swift in Sources */,
				2E7FADFC229EF13000A766C6 /* PDMProviderCollection.swift in Sources */,
				2E5A87BB2244C06000E225D5 /* MessageBundle.swift in Sources */,
				2EBF772D229321CC00170091 /* PDMProvider.swift in Sources */,
				2EA9370A22778BA700513F9D /* TextFieldExtensions.swift in Sources */,
				2EC27F2B22B2C07500E0DFD2 /* AccountMenuInfoTableViewController.swift in Sources */,
				2E17CFFB2279529C00AF2FBC /* AccountInfoViewController.swift in Sources */,
				2E234296224291C300045E3A /* AppDelegate.swift in Sources */,
			);
			runOnlyForDeploymentPostprocessing = 0;
		};
		2E2342A5224291C500045E3A /* Sources */ = {
			isa = PBXSourcesBuildPhase;
			buildActionMask = 2147483647;
			files = (
				2E2342AE224291C500045E3A /* myPHRTests.swift in Sources */,
				2ED98954227CEAF70034B4B6 /* PDMProfileTests.swift in Sources */,
				2EA93704226F60E100513F9D /* HTTPExtensionsTests.swift in Sources */,
				2ED989562280ACB20034B4B6 /* RESTClientTests.swift in Sources */,
				2E4A2AB62326C26F0019C6A8 /* PDMUserTests.swift in Sources */,
				2EA937102278AC6700513F9D /* PatientDataManagerTests.swift in Sources */,
			);
			runOnlyForDeploymentPostprocessing = 0;
		};
		2E2342B0224291C500045E3A /* Sources */ = {
			isa = PBXSourcesBuildPhase;
			buildActionMask = 2147483647;
			files = (
				2E2342B9224291C500045E3A /* myPHRUITests.swift in Sources */,
				2E4A2AB82326CC6C0019C6A8 /* CreateAccountTests.swift in Sources */,
			);
			runOnlyForDeploymentPostprocessing = 0;
		};
/* End PBXSourcesBuildPhase section */

/* Begin PBXTargetDependency section */
		2E2342AB224291C500045E3A /* PBXTargetDependency */ = {
			isa = PBXTargetDependency;
			target = 2E234291224291C300045E3A /* myPHR */;
			targetProxy = 2E2342AA224291C500045E3A /* PBXContainerItemProxy */;
		};
		2E2342B6224291C500045E3A /* PBXTargetDependency */ = {
			isa = PBXTargetDependency;
			target = 2E234291224291C300045E3A /* myPHR */;
			targetProxy = 2E2342B5224291C500045E3A /* PBXContainerItemProxy */;
		};
/* End PBXTargetDependency section */

/* Begin PBXVariantGroup section */
		2E6DC42722A04D6C000D8DE4 /* Main.storyboard */ = {
			isa = PBXVariantGroup;
			children = (
				2E6DC42822A04D6C000D8DE4 /* Base */,
			);
			name = Main.storyboard;
			path = myPHR;
			sourceTree = SOURCE_ROOT;
		};
		2E6DC42B22A04D6C000D8DE4 /* LaunchScreen.storyboard */ = {
			isa = PBXVariantGroup;
			children = (
				2E6DC42C22A04D6C000D8DE4 /* Base */,
			);
			name = LaunchScreen.storyboard;
			sourceTree = "<group>";
		};
		2EFCD55C230EF0AB00932D5F /* Units.strings */ = {
			isa = PBXVariantGroup;
			children = (
				2EFCD55D230EF0AB00932D5F /* Base */,
			);
			name = Units.strings;
			sourceTree = "<group>";
		};
/* End PBXVariantGroup section */

/* Begin XCBuildConfiguration section */
		2E2342BB224291C500045E3A /* Debug */ = {
			isa = XCBuildConfiguration;
			buildSettings = {
				ALWAYS_SEARCH_USER_PATHS = NO;
				CLANG_ANALYZER_NONNULL = YES;
				CLANG_ANALYZER_NUMBER_OBJECT_CONVERSION = YES_AGGRESSIVE;
				CLANG_CXX_LANGUAGE_STANDARD = "gnu++14";
				CLANG_CXX_LIBRARY = "libc++";
				CLANG_ENABLE_MODULES = YES;
				CLANG_ENABLE_OBJC_ARC = YES;
				CLANG_ENABLE_OBJC_WEAK = YES;
				CLANG_WARN_BLOCK_CAPTURE_AUTORELEASING = YES;
				CLANG_WARN_BOOL_CONVERSION = YES;
				CLANG_WARN_COMMA = YES;
				CLANG_WARN_CONSTANT_CONVERSION = YES;
				CLANG_WARN_DEPRECATED_OBJC_IMPLEMENTATIONS = YES;
				CLANG_WARN_DIRECT_OBJC_ISA_USAGE = YES_ERROR;
				CLANG_WARN_DOCUMENTATION_COMMENTS = YES;
				CLANG_WARN_EMPTY_BODY = YES;
				CLANG_WARN_ENUM_CONVERSION = YES;
				CLANG_WARN_INFINITE_RECURSION = YES;
				CLANG_WARN_INT_CONVERSION = YES;
				CLANG_WARN_NON_LITERAL_NULL_CONVERSION = YES;
				CLANG_WARN_OBJC_IMPLICIT_RETAIN_SELF = YES;
				CLANG_WARN_OBJC_LITERAL_CONVERSION = YES;
				CLANG_WARN_OBJC_ROOT_CLASS = YES_ERROR;
				CLANG_WARN_RANGE_LOOP_ANALYSIS = YES;
				CLANG_WARN_STRICT_PROTOTYPES = YES;
				CLANG_WARN_SUSPICIOUS_MOVE = YES;
				CLANG_WARN_UNGUARDED_AVAILABILITY = YES_AGGRESSIVE;
				CLANG_WARN_UNREACHABLE_CODE = YES;
				CLANG_WARN__DUPLICATE_METHOD_MATCH = YES;
				CODE_SIGN_IDENTITY = "iPhone Developer";
				COPY_PHASE_STRIP = NO;
				DEBUG_INFORMATION_FORMAT = dwarf;
				ENABLE_STRICT_OBJC_MSGSEND = YES;
				ENABLE_TESTABILITY = YES;
				GCC_C_LANGUAGE_STANDARD = gnu11;
				GCC_DYNAMIC_NO_PIC = NO;
				GCC_NO_COMMON_BLOCKS = YES;
				GCC_OPTIMIZATION_LEVEL = 0;
				GCC_PREPROCESSOR_DEFINITIONS = (
					"DEBUG=1",
					"$(inherited)",
				);
				GCC_WARN_64_TO_32_BIT_CONVERSION = YES;
				GCC_WARN_ABOUT_RETURN_TYPE = YES_ERROR;
				GCC_WARN_UNDECLARED_SELECTOR = YES;
				GCC_WARN_UNINITIALIZED_AUTOS = YES_AGGRESSIVE;
				GCC_WARN_UNUSED_FUNCTION = YES;
				GCC_WARN_UNUSED_VARIABLE = YES;
				IPHONEOS_DEPLOYMENT_TARGET = 12.1;
				MTL_ENABLE_DEBUG_INFO = INCLUDE_SOURCE;
				MTL_FAST_MATH = YES;
				ONLY_ACTIVE_ARCH = YES;
				SDKROOT = iphoneos;
				SWIFT_ACTIVE_COMPILATION_CONDITIONS = DEBUG;
				SWIFT_OPTIMIZATION_LEVEL = "-Onone";
			};
			name = Debug;
		};
		2E2342BC224291C500045E3A /* Release */ = {
			isa = XCBuildConfiguration;
			buildSettings = {
				ALWAYS_SEARCH_USER_PATHS = NO;
				CLANG_ANALYZER_NONNULL = YES;
				CLANG_ANALYZER_NUMBER_OBJECT_CONVERSION = YES_AGGRESSIVE;
				CLANG_CXX_LANGUAGE_STANDARD = "gnu++14";
				CLANG_CXX_LIBRARY = "libc++";
				CLANG_ENABLE_MODULES = YES;
				CLANG_ENABLE_OBJC_ARC = YES;
				CLANG_ENABLE_OBJC_WEAK = YES;
				CLANG_WARN_BLOCK_CAPTURE_AUTORELEASING = YES;
				CLANG_WARN_BOOL_CONVERSION = YES;
				CLANG_WARN_COMMA = YES;
				CLANG_WARN_CONSTANT_CONVERSION = YES;
				CLANG_WARN_DEPRECATED_OBJC_IMPLEMENTATIONS = YES;
				CLANG_WARN_DIRECT_OBJC_ISA_USAGE = YES_ERROR;
				CLANG_WARN_DOCUMENTATION_COMMENTS = YES;
				CLANG_WARN_EMPTY_BODY = YES;
				CLANG_WARN_ENUM_CONVERSION = YES;
				CLANG_WARN_INFINITE_RECURSION = YES;
				CLANG_WARN_INT_CONVERSION = YES;
				CLANG_WARN_NON_LITERAL_NULL_CONVERSION = YES;
				CLANG_WARN_OBJC_IMPLICIT_RETAIN_SELF = YES;
				CLANG_WARN_OBJC_LITERAL_CONVERSION = YES;
				CLANG_WARN_OBJC_ROOT_CLASS = YES_ERROR;
				CLANG_WARN_RANGE_LOOP_ANALYSIS = YES;
				CLANG_WARN_STRICT_PROTOTYPES = YES;
				CLANG_WARN_SUSPICIOUS_MOVE = YES;
				CLANG_WARN_UNGUARDED_AVAILABILITY = YES_AGGRESSIVE;
				CLANG_WARN_UNREACHABLE_CODE = YES;
				CLANG_WARN__DUPLICATE_METHOD_MATCH = YES;
				CODE_SIGN_IDENTITY = "iPhone Developer";
				COPY_PHASE_STRIP = NO;
				DEBUG_INFORMATION_FORMAT = "dwarf-with-dsym";
				ENABLE_NS_ASSERTIONS = NO;
				ENABLE_STRICT_OBJC_MSGSEND = YES;
				GCC_C_LANGUAGE_STANDARD = gnu11;
				GCC_NO_COMMON_BLOCKS = YES;
				GCC_WARN_64_TO_32_BIT_CONVERSION = YES;
				GCC_WARN_ABOUT_RETURN_TYPE = YES_ERROR;
				GCC_WARN_UNDECLARED_SELECTOR = YES;
				GCC_WARN_UNINITIALIZED_AUTOS = YES_AGGRESSIVE;
				GCC_WARN_UNUSED_FUNCTION = YES;
				GCC_WARN_UNUSED_VARIABLE = YES;
				IPHONEOS_DEPLOYMENT_TARGET = 12.1;
				MTL_ENABLE_DEBUG_INFO = NO;
				MTL_FAST_MATH = YES;
				SDKROOT = iphoneos;
				SWIFT_COMPILATION_MODE = wholemodule;
				SWIFT_OPTIMIZATION_LEVEL = "-O";
				VALIDATE_PRODUCT = YES;
			};
			name = Release;
		};
		2E2342BE224291C500045E3A /* Debug */ = {
			isa = XCBuildConfiguration;
			buildSettings = {
				ASSETCATALOG_COMPILER_APPICON_NAME = AppIcon;
				CODE_SIGN_ENTITLEMENTS = myPHR/myPHR.entitlements;
				CODE_SIGN_STYLE = Automatic;
				DEVELOPMENT_TEAM = Z3ADMT54S2;
				INFOPLIST_FILE = myPHR/Info.plist;
				LD_RUNPATH_SEARCH_PATHS = (
					"$(inherited)",
					"@executable_path/Frameworks",
				);
				PRODUCT_BUNDLE_IDENTIFIER = org.mitre.myphr2;
				PRODUCT_NAME = "$(TARGET_NAME)";
				SWIFT_VERSION = 5.0;
				TARGETED_DEVICE_FAMILY = "1,2";
			};
			name = Debug;
		};
		2E2342BF224291C500045E3A /* Release */ = {
			isa = XCBuildConfiguration;
			buildSettings = {
				ASSETCATALOG_COMPILER_APPICON_NAME = AppIcon;
				CODE_SIGN_ENTITLEMENTS = myPHR/myPHR.entitlements;
				CODE_SIGN_STYLE = Automatic;
				DEVELOPMENT_TEAM = Z3ADMT54S2;
				INFOPLIST_FILE = myPHR/Info.plist;
				LD_RUNPATH_SEARCH_PATHS = (
					"$(inherited)",
					"@executable_path/Frameworks",
				);
				PRODUCT_BUNDLE_IDENTIFIER = org.mitre.myphr2;
				PRODUCT_NAME = "$(TARGET_NAME)";
				SWIFT_VERSION = 5.0;
				TARGETED_DEVICE_FAMILY = "1,2";
			};
			name = Release;
		};
		2E2342C1224291C500045E3A /* Debug */ = {
			isa = XCBuildConfiguration;
			buildSettings = {
				ALWAYS_EMBED_SWIFT_STANDARD_LIBRARIES = YES;
				BUNDLE_LOADER = "$(TEST_HOST)";
				CODE_SIGN_STYLE = Automatic;
				DEVELOPMENT_TEAM = M9BLEU3LFV;
				INFOPLIST_FILE = myPHRTests/Info.plist;
				LD_RUNPATH_SEARCH_PATHS = (
					"$(inherited)",
					"@executable_path/Frameworks",
					"@loader_path/Frameworks",
				);
				PRODUCT_BUNDLE_IDENTIFIER = org.mitre.myPHRTests;
				PRODUCT_NAME = "$(TARGET_NAME)";
				SWIFT_VERSION = 5.0;
				TARGETED_DEVICE_FAMILY = "1,2";
				TEST_HOST = "$(BUILT_PRODUCTS_DIR)/myPHR.app/myPHR";
			};
			name = Debug;
		};
		2E2342C2224291C500045E3A /* Release */ = {
			isa = XCBuildConfiguration;
			buildSettings = {
				ALWAYS_EMBED_SWIFT_STANDARD_LIBRARIES = YES;
				BUNDLE_LOADER = "$(TEST_HOST)";
				CODE_SIGN_STYLE = Automatic;
				DEVELOPMENT_TEAM = M9BLEU3LFV;
				INFOPLIST_FILE = myPHRTests/Info.plist;
				LD_RUNPATH_SEARCH_PATHS = (
					"$(inherited)",
					"@executable_path/Frameworks",
					"@loader_path/Frameworks",
				);
				PRODUCT_BUNDLE_IDENTIFIER = org.mitre.myPHRTests;
				PRODUCT_NAME = "$(TARGET_NAME)";
				SWIFT_VERSION = 5.0;
				TARGETED_DEVICE_FAMILY = "1,2";
				TEST_HOST = "$(BUILT_PRODUCTS_DIR)/myPHR.app/myPHR";
			};
			name = Release;
		};
		2E2342C4224291C500045E3A /* Debug */ = {
			isa = XCBuildConfiguration;
			buildSettings = {
				ALWAYS_EMBED_SWIFT_STANDARD_LIBRARIES = YES;
				CODE_SIGN_STYLE = Automatic;
				DEVELOPMENT_TEAM = M9BLEU3LFV;
				INFOPLIST_FILE = myPHRUITests/Info.plist;
				LD_RUNPATH_SEARCH_PATHS = (
					"$(inherited)",
					"@executable_path/Frameworks",
					"@loader_path/Frameworks",
				);
				PRODUCT_BUNDLE_IDENTIFIER = org.mitre.myPHRUITests;
				PRODUCT_NAME = "$(TARGET_NAME)";
				SWIFT_VERSION = 5.0;
				TARGETED_DEVICE_FAMILY = "1,2";
				TEST_TARGET_NAME = myPHR;
			};
			name = Debug;
		};
		2E2342C5224291C500045E3A /* Release */ = {
			isa = XCBuildConfiguration;
			buildSettings = {
				ALWAYS_EMBED_SWIFT_STANDARD_LIBRARIES = YES;
				CODE_SIGN_STYLE = Automatic;
				DEVELOPMENT_TEAM = M9BLEU3LFV;
				INFOPLIST_FILE = myPHRUITests/Info.plist;
				LD_RUNPATH_SEARCH_PATHS = (
					"$(inherited)",
					"@executable_path/Frameworks",
					"@loader_path/Frameworks",
				);
				PRODUCT_BUNDLE_IDENTIFIER = org.mitre.myPHRUITests;
				PRODUCT_NAME = "$(TARGET_NAME)";
				SWIFT_VERSION = 5.0;
				TARGETED_DEVICE_FAMILY = "1,2";
				TEST_TARGET_NAME = myPHR;
			};
			name = Release;
		};
/* End XCBuildConfiguration section */

/* Begin XCConfigurationList section */
		2E23428D224291C300045E3A /* Build configuration list for PBXProject "myPHR" */ = {
			isa = XCConfigurationList;
			buildConfigurations = (
				2E2342BB224291C500045E3A /* Debug */,
				2E2342BC224291C500045E3A /* Release */,
			);
			defaultConfigurationIsVisible = 0;
			defaultConfigurationName = Release;
		};
		2E2342BD224291C500045E3A /* Build configuration list for PBXNativeTarget "myPHR" */ = {
			isa = XCConfigurationList;
			buildConfigurations = (
				2E2342BE224291C500045E3A /* Debug */,
				2E2342BF224291C500045E3A /* Release */,
			);
			defaultConfigurationIsVisible = 0;
			defaultConfigurationName = Release;
		};
		2E2342C0224291C500045E3A /* Build configuration list for PBXNativeTarget "myPHRTests" */ = {
			isa = XCConfigurationList;
			buildConfigurations = (
				2E2342C1224291C500045E3A /* Debug */,
				2E2342C2224291C500045E3A /* Release */,
			);
			defaultConfigurationIsVisible = 0;
			defaultConfigurationName = Release;
		};
		2E2342C3224291C500045E3A /* Build configuration list for PBXNativeTarget "myPHRUITests" */ = {
			isa = XCConfigurationList;
			buildConfigurations = (
				2E2342C4224291C500045E3A /* Debug */,
				2E2342C5224291C500045E3A /* Release */,
			);
			defaultConfigurationIsVisible = 0;
			defaultConfigurationName = Release;
		};
/* End XCConfigurationList section */

/* Begin XCVersionGroup section */
		2E23429C224291C300045E3A /* myPHR.xcdatamodeld */ = {
			isa = XCVersionGroup;
			children = (
				2E23429D224291C300045E3A /* myPHR.xcdatamodel */,
			);
			currentVersion = 2E23429D224291C300045E3A /* myPHR.xcdatamodel */;
			path = myPHR.xcdatamodeld;
			sourceTree = "<group>";
			versionGroupType = wrapper.xcdatamodel;
		};
/* End XCVersionGroup section */
	};
	rootObject = 2E23428A224291C300045E3A /* Project object */;
}
